
Microsoft Visual Studio Solution File, Format Version 12.00
# Visual Studio Version 17
VisualStudioVersion = 17.14.36414.22
MinimumVisualStudioVersion = 10.0.40219.1
Project("{FAE04EC0-301F-11D3-BF4B-00C04F79EFBC}") = "IndiceDeMasaCorporal.Console", "IndiceDeMasaCorporal.Console\IndiceDeMasaCorporal.Console.csproj", "{DA6A915E-34C1-4868-9811-7803E582C21B}"
EndProject
Project("{FAE04EC0-301F-11D3-BF4B-00C04F79EFBC}") = "IMC.Gui", "IMC.Gui\IMC.Gui.csproj", "{09769AF3-28AE-4FE2-AABF-1D90FCF0044D}"
EndProject
Project("{FAE04EC0-301F-11D3-BF4B-00C04F79EFBC}") = "Imc.Model", "Imc.Model\Imc.Model.csproj", "{2A398330-69C5-4536-8E80-132078D39076}"
EndProject
Global
	GlobalSection(SolutionConfigurationPlatforms) = preSolution
		Debug|Any CPU = Debug|Any CPU
		Release|Any CPU = Release|Any CPU
	EndGlobalSection
	GlobalSection(ProjectConfigurationPlatforms) = postSolution
		{DA6A915E-34C1-4868-9811-7803E582C21B}.Debug|Any CPU.ActiveCfg = Debug|Any CPU
		{DA6A915E-34C1-4868-9811-7803E582C21B}.Debug|Any CPU.Build.0 = Debug|Any CPU
		{DA6A915E-34C1-4868-9811-7803E582C21B}.Release|Any CPU.ActiveCfg = Release|Any CPU
		{DA6A915E-34C1-4868-9811-7803E582C21B}.Release|Any CPU.Build.0 = Release|Any CPU
		{09769AF3-28AE-4FE2-AABF-1D90FCF0044D}.Debug|Any CPU.ActiveCfg = Debug|Any CPU
		{09769AF3-28AE-4FE2-AABF-1D90FCF0044D}.Debug|Any CPU.Build.0 = Debug|Any CPU
		{09769AF3-28AE-4FE2-AABF-1D90FCF0044D}.Debug|Any CPU.Deploy.0 = Debug|Any CPU
		{09769AF3-28AE-4FE2-AABF-1D90FCF0044D}.Release|Any CPU.ActiveCfg = Release|Any CPU
		{09769AF3-28AE-4FE2-AABF-1D90FCF0044D}.Release|Any CPU.Build.0 = Release|Any CPU
		{2A398330-69C5-4536-8E80-132078D39076}.Debug|Any CPU.ActiveCfg = Debug|Any CPU
		{2A398330-69C5-4536-8E80-132078D39076}.Debug|Any CPU.Build.0 = Debug|Any CPU
		{2A398330-69C5-4536-8E80-132078D39076}.Release|Any CPU.ActiveCfg = Release|Any CPU
		{2A398330-69C5-4536-8E80-132078D39076}.Release|Any CPU.Build.0 = Release|Any CPU
	EndGlobalSection
	GlobalSection(SolutionProperties) = preSolution
		HideSolutionNode = FALSE
	EndGlobalSection
	GlobalSection(ExtensibilityGlobals) = postSolution
		SolutionGuid = {E32962A5-80B8-4894-901D-7D42D0FFEE24}
	EndGlobalSection
EndGlobal
